github.com/davecgh/go-spew v1.1.0/go.mod h1:J7Y8YcW2NihsgmVo/mv3lAwl/skON4iLHjSsI+c5H38=
github.com/davecgh/go-spew v1.1.1 h1:vj9j/u1bqnvCEfJOwUhtlOARqs3+rkHYY13jYWTU97c=
github.com/davecgh/go-spew v1.1.1/go.mod h1:J7Y8YcW2NihsgmVo/mv3lAwl/skON4iLHjSsI+c5H38=
github.com/fsnotify/fsnotify v1.4.7/go.mod h1:jwhsz4b93w/PPRr/qN1Yymfu8t87LnFCMoQvtojpjFo=
github.com/go-errors/errors v1.0.1 h1:LUHzmkK3GUKUrL/1gfBUxAHzcev3apQlezX/+O7ma6w=
github.com/go-errors/errors v1.0.1/go.mod h1:f4zRHt4oKfwPJE5k8C9vpYG+aDHdBFUsgrm6/TyX73Q=
github.com/golang/protobuf v1.2.0/go.mod h1:6lQm79b+lXiMfvg/cZm0SGofjICqVBUtrP5yJMmIC1U=
github.com/hpcloud/tail v1.0.0 h1:nfCOvKYfkgYP8hkirhJocXT2+zOD8yUNjXaWfTlyFKI=
github.com/hpcloud/tail v1.0.0/go.mod h1:ab1qPbhIpdTxEkNHXyeSf5vhxWSCs/tWer42PpOxQnU=
github.com/joho/godotenv v1.3.0 h1:Zjp+RcGpHhGlrMbJzXTrZZPrWj+1vfm90La1wgB6Bhc=
github.com/joho/godotenv v1.3.0/go.mod h1:7hK45KPybAkOC6peb+G5yklZfMxEjkZhHbwpqxOKXbg=
github.com/konsorten/go-windows-terminal-sequences v1.0.1/go.mod h1:T0+1ngSBFLxvqU3pZ+m/2kptfBszLMUkC4ZK/EgS/cQ=
github.com/lib/pq v1.0.0 h1:X5PMW56eZitiTeO7tKzZxFCSpbFZJtkMMooicw2us9A=
github.com/lib/pq v1.0.0/go.mod h1:5WUZQaWbwv1U+lTReE5YruASi9Al49XbQIvNi/34Woo=
github.com/manucorporat/sse v0.0.0-20160126180136-ee05b128a739 h1:ykXz+pRRTibcSjG1yRhpdSHInF8yZY/mfn+Rz2Nd1rE=
github.com/manucorporat/sse v0.0.0-20160126180136-ee05b128a739/go.mod h1:zUx1mhth20V3VKgL5jbd1BSQcW4Fy6Qs4PZvQwRFwzM=
github.com/onsi/ginkgo v1.6.0/go.mod h1:lLunBs/Ym6LB5Z9jYTR76FiuTmxDTDusOGeTQH+WWjE=
github.com/onsi/ginkgo v1.8.0 h1:VkHVNpR4iVnU8XQR6DBm8BqYjN7CRzw+xKUbVVbbW9w=
github.com/onsi/ginkgo v1.8.0/go.mod h1:lLunBs/Ym6LB5Z9jYTR76FiuTmxDTDusOGeTQH+WWjE=
github.com/onsi/gomega v1.5.0 h1:izbySO9zDPmjJ8rDjLvkA2zJHIo+HkYXHnf7eN7SSyo=
github.com/onsi/gomega v1.5.0/go.mod h1:ex+gbHU/CVuBBDIJjb2X0qEXbFg53c61hWP/1CpauHY=
github.com/pkg/errors v0.8.1 h1:iURUrRGxPUNPdy5/HRSm+Yj6okJ6UtLINN0Q9M4+h3I=
github.com/pkg/errors v0.8.1/go.mod h1:bwawxfHBFNV+L2hUp1rHADufV3IMtnDRdf1r5NINEl0=
github.com/pmezard/go-difflib v1.0.0 h1:4DBwDE0NGyQoBHbLQYPwSUPoCMWR5BEzIk/f1lZbAQM=
github.com/pmezard/go-difflib v1.0.0/go.mod h1:iKH77koFhYxTK1pcRnkKkqfTogsbg7gZNVY4sRDYZ/4=
github.com/segmentio/go-loggly v0.5.0 h1:mnK6cIo6ajLsaaa1uqEi5IPsMlJYu+F0HpIoLjwIBFY=
github.com/segmentio/go-loggly v0.5.0/go.mod h1:8zLRYR5npGjaOXgPSKat5+oOh+UHd8OdbS18iqX9F6Y=
github.com/sirupsen/logrus v1.4.0 h1:yKenngtzGh+cUSSh6GWbxW2abRqhYUSR/t/6+2QqNvE=
github.com/sirupsen/logrus v1.4.0/go.mod h1:LxeOpSwHxABJmUn/MG1IvRgCAasNZTLOkJPxbbu5VWo=
github.com/stellar/go v0.0.0-20190318193012-a35c5c61f41c h1:h66WFQMq3/Y/3BedqCI5irIQHCPfBqlFvJgAZpLZ36k=
github.com/stellar/go v0.0.0-20190318193012-a35c5c61f41c/go.mod h1:Kkro8X6IWn/5XtSicGd6N2LZKMKUCWS5wS5Ctjh6+Vw=
github.com/stellar/go-xdr v0.0.0-20180917104419-0bc96f33a18e h1:n/hfey8pO+RYMoGXyvyzuw5pdO8IFDoyAL/g5OiCesY=
github.com/stellar/go-xdr v0.0.0-20180917104419-0bc96f33a18e/go.mod h1:gpOLVzy6TVYTQ3LvHSN9RJC700FkhFCpSE82u37aNRM=
github.com/stretchr/objx v0.1.0/go.mod h1:HFkY916IF+rwdDfMAkV7OtwuqBVzrE8GR6GFx+wExME=
github.com/stretchr/objx v0.1.1 h1:2vfRuCMp5sSVIDSqO8oNnWJq7mPa6KVP3iPIwFBuy8A=
github.com/stretchr/objx v0.1.1/go.mod h1:HFkY916IF+rwdDfMAkV7OtwuqBVzrE8GR6GFx+wExME=
github.com/stretchr/testify v1.2.2/go.mod h1:a8OnRcib4nhh0OaRAV+Yts87kKdq0PP7pXfy6kDkUVs=
github.com/stretchr/testify v1.3.0 h1:TivCn/peBQ7UY8ooIcPgZFpTNSz0Q2U6UrFlUfqbe0Q=
github.com/stretchr/testify v1.3.0/go.mod h1:M5WIy9Dh21IEIfnGCwXGc5bZfKNJtfHm1UVUgZn+9EI=
golang.org/x/crypto v0.0.0-20180904163835-0709b304e793/go.mod h1:6SG95UA2DQfeDnfUPMdvaQW0Q7yPrPDi9nlGo2tz2b4=
golang.org/x/crypto v0.0.0-20190313024323-a1f597ede03a h1:YX8ljsm6wXlHZO+aRz9Exqr0evNhKRNe5K/gi+zKh4U=
golang.org/x/crypto v0.0.0-20190313024323-a1f597ede03a/go.mod h1:djNgcEr1/C05ACkg1iLfiJU5Ep61QUkGW8qpdssI0+w=
golang.org/x/net v0.0.0-20180906233101-161cd47e91fd h1:nTDtHvHSdCn1m6ITfMRqtOd/9+7a3s8RBNOZ3eYZzJA=
golang.org/x/net v0.0.0-20180906233101-161cd47e91fd/go.mod h1:mL1N/T3taQHkDXs73rZJwtUhF3w3ftmwwsq0BUmARs4=
golang.org/x/sync v0.0.0-20180314180146-1d60e4601c6f/go.mod h1:RxMgew5VJxzue5/jJTE5uejpjVlOe/izrB70Jof72aM=
golang.org/x/sys v0.0.0-20180905080454-ebe1bf3edb33/go.mod h1:STP8DvDyc/dI5b8T5hshtkjS+E42TnysNCUPdjciGhY=
golang.org/x/sys v0.0.0-20180909124046-d0be0721c37e/go.mod h1:STP8DvDyc/dI5b8T5hshtkjS+E42TnysNCUPdjciGhY=
golang.org/x/sys v0.0.0-20190215142949-d0b11bdaac8a h1:1BGLXjeY4akVXGgbC9HugT3Jv3hCI0z56oJR5vAMgBU=
golang.org/x/sys v0.0.0-20190215142949-d0b11bdaac8a/go.mod h1:STP8DvDyc/dI5b8T5hshtkjS+E42TnysNCUPdjciGhY=
golang.org/x/text v0.3.0 h1:g61tztE5qeGQ89tm6NTjjM9VPIm088od1l6aSorWRWg=
golang.org/x/text v0.3.0/go.mod h1:NqM8EUOU14njkJ3fqMW+pc6Ldnwhi/IjpwHt7yyuwOQ=
gopkg.in/check.v1 v0.0.0-20161208181325-20d25e280405/go.mod h1:Co6ibVJAznAaIkqp8huTwlJQCZ016jof/cbN4VW5Yz0=
gopkg.in/fsnotify.v1 v1.4.7 h1:xOHLXZwVvI9hhs+cLKq5+I5onOuwQLhQwiu63xxlHs4=
gopkg.in/fsnotify.v1 v1.4.7/go.mod h1:Tz8NjZHkW78fSQdbUxIjBTcgA1z1m8ZHf0WmKUhAMys=
gopkg.in/tomb.v1 v1.0.0-20141024135613-dd632973f1e7 h1:uRGJdciOHaEIrze2W8Q3AKkepLTh2hOroT7a+7czfdQ=
gopkg.in/tomb.v1 v1.0.0-20141024135613-dd632973f1e7/go.mod h1:dt/ZhP58zS4L8KSrWDmTeBkI65Dw0HsyUHuEVlX15mw=
gopkg.in/yaml.v2 v2.2.1 h1:mUhvW9EsL+naU5Q3cakzfE91YhliOondGd6ZrsDBHQE=
gopkg.in/yaml.v2 v2.2.1/go.mod h1:hI93XBmqTisBFMUTm0b8Fm+jr3Dg1NNxqwp+5A1VGuI=
